
Microsoft Visual Studio Solution File, Format Version 12.00
# Visual Studio Version 17
VisualStudioVersion = 17.2.32526.322
MinimumVisualStudioVersion = 10.0.40219.1
Project("{FAE04EC0-301F-11D3-BF4B-00C04F79EFBC}") = "ToDoList", "ToDoList\ToDoList.csproj", "{5B6A1C23-042E-4C37-BD2D-0234785D56DF}"
EndProject
Global
	GlobalSection(SolutionConfigurationPlatforms) = preSolution
		Debug|Any CPU = Debug|Any CPU
		Release|Any CPU = Release|Any CPU
	EndGlobalSection
	GlobalSection(ProjectConfigurationPlatforms) = postSolution
		{5B6A1C23-042E-4C37-BD2D-0234785D56DF}.Debug|Any CPU.ActiveCfg = Debug|Any CPU
		{5B6A1C23-042E-4C37-BD2D-0234785D56DF}.Debug|Any CPU.Build.0 = Debug|Any CPU
		{5B6A1C23-042E-4C37-BD2D-0234785D56DF}.Release|Any CPU.ActiveCfg = Release|Any CPU
		{5B6A1C23-042E-4C37-BD2D-0234785D56DF}.Release|Any CPU.Build.0 = Release|Any CPU
	EndGlobalSection
	GlobalSection(SolutionProperties) = preSolution
		HideSolutionNode = FALSE
	EndGlobalSection
	GlobalSection(ExtensibilityGlobals) = postSolution
		SolutionGuid = {98C42087-39D2-4778-B0B2-9A8184AE48E4}
	EndGlobalSection
EndGlobal
